{
  "version": 4,
  "terraform_version": "1.9.2",
  "serial": 29,
  "lineage": "c858b0a4-d11d-fc85-ab12-4c5d7a1ee52f",
  "outputs": {
    "vm_ip": {
      "value": {},
      "type": [
        "object",
        {}
      ]
    },
    "vm_nat_ip": {
      "value": {},
      "type": [
        "object",
        {}
      ]
    }
  },
  "resources": [
    {
      "mode": "managed",
      "type": "yandex_vpc_network",
      "name": "network-1",
      "provider": "provider[\"registry.terraform.io/yandex-cloud/yandex\"]",
      "instances": [
        {
          "schema_version": 0,
          "attributes": {
            "created_at": "2025-06-23T13:42:31Z",
            "default_security_group_id": "enpsoa41icna9tacp80s",
            "description": "",
            "folder_id": "b1gaa54ob1jo7toj94uc",
            "id": "enpsipqn58ppvvnmbln5",
            "labels": {},
            "name": "network1",
            "subnet_ids": [
              "e2ljpb92ro64kbtisu5q"
            ],
            "timeouts": null
          },
          "sensitive_attributes": [],
          "private": "eyJlMmJmYjczMC1lY2FhLTExZTYtOGY4OC0zNDM2M2JjN2M0YzAiOnsiY3JlYXRlIjo2MDAwMDAwMDAwMCwiZGVsZXRlIjo2MDAwMDAwMDAwMCwidXBkYXRlIjo2MDAwMDAwMDAwMH19"
        }
      ]
    },
    {
      "mode": "managed",
      "type": "yandex_vpc_subnet",
      "name": "subnet-1",
      "provider": "provider[\"registry.terraform.io/yandex-cloud/yandex\"]",
      "instances": [
        {
          "schema_version": 0,
          "attributes": {
            "created_at": "2025-06-23T13:42:34Z",
            "description": "",
            "dhcp_options": [],
            "folder_id": "b1gaa54ob1jo7toj94uc",
            "id": "e2ljpb92ro64kbtisu5q",
            "labels": {},
            "name": "subnet1",
            "network_id": "enpsipqn58ppvvnmbln5",
            "route_table_id": "",
            "timeouts": null,
            "v4_cidr_blocks": [
              "192.168.10.0/24"
            ],
            "v6_cidr_blocks": [],
            "zone": "ru-central1-b"
          },
          "sensitive_attributes": [],
          "private": "eyJlMmJmYjczMC1lY2FhLTExZTYtOGY4OC0zNDM2M2JjN2M0YzAiOnsiY3JlYXRlIjoxODAwMDAwMDAwMDAsImRlbGV0ZSI6MTgwMDAwMDAwMDAwLCJ1cGRhdGUiOjE4MDAwMDAwMDAwMH19",
          "dependencies": [
            "yandex_vpc_network.network-1"
          ]
        }
      ]
    }
  ],
  "check_results": null
}
